{
  "pins" : [
    {
      "identity" : "babbage-sdk-ios",
      "kind" : "remoteSourceControl",
      "location" : "https://github.com/p2ppsr/babbage-sdk-ios",
      "state" : {
        "branch" : "master",
        "revision" : "e4854aa10ad1ed5d3742073c236d08812cf9363e"
      }
    },
    {
      "identity" : "flanimatedimage",
      "kind" : "remoteSourceControl",
      "location" : "https://github.com/Flipboard/FLAnimatedImage",
      "state" : {
        "revision" : "d4f07b6f164d53c1212c3e54d6460738b1981e9f",
        "version" : "1.0.17"
      }
    },
    {
      "identity" : "generic-json-swift",
      "kind" : "remoteSourceControl",
      "location" : "https://github.com/iwill/generic-json-swift.git",
      "state" : {
        "revision" : "a137894b2a217abe489cdf1ea287e6f7819b1051",
        "version" : "2.0.1"
      }
    }
  ],
  "version" : 2
}
