// !$*UTF8*$!
{
	archiveVersion = 1;
	classes = {
	};
	objectVersion = 56;
	objects = {

/* Begin PBXBuildFile section */
		4036BAD0299A8EB400C494E2 /* HelperFunctions.swift in Sources */ = {isa = PBXBuildFile; fileRef = 4036BACF299A8EB400C494E2 /* HelperFunctions.swift */; };
		4054E21D29A18BFC00267EC9 /* QRScannerVC.swift in Sources */ = {isa = PBXBuildFile; fileRef = 4054E21C29A18BFC00267EC9 /* QRScannerVC.swift */; };
		4054E21F29A1A03200267EC9 /* CounterpartyVC.swift in Sources */ = {isa = PBXBuildFile; fileRef = 4054E21E29A1A03200267EC9 /* CounterpartyVC.swift */; };
		4054E22129A1A44200267EC9 /* MessageVC.swift in Sources */ = {isa = PBXBuildFile; fileRef = 4054E22029A1A44200267EC9 /* MessageVC.swift */; };
		4054E22529A1B5EE00267EC9 /* DecryptorVC.swift in Sources */ = {isa = PBXBuildFile; fileRef = 4054E22429A1B5EE00267EC9 /* DecryptorVC.swift */; };
		406D8BA5299B4E8800C8B04B /* PageController.swift in Sources */ = {isa = PBXBuildFile; fileRef = 406D8BA4299B4E8800C8B04B /* PageController.swift */; };
		406D8BAB299B605200C8B04B /* GuidePage.swift in Sources */ = {isa = PBXBuildFile; fileRef = 406D8BAA299B605200C8B04B /* GuidePage.swift */; };
		406D8BB7299C19CF00C8B04B /* Reachability.swift in Sources */ = {isa = PBXBuildFile; fileRef = 406D8BB6299C19CF00C8B04B /* Reachability.swift */; };
		40707AD7299AC26500DF14D0 /* SettingsVC.swift in Sources */ = {isa = PBXBuildFile; fileRef = 40707AD6299AC26500DF14D0 /* SettingsVC.swift */; };
		40707AD9299AC91500DF14D0 /* PlaceholderTextView.swift in Sources */ = {isa = PBXBuildFile; fileRef = 40707AD8299AC91500DF14D0 /* PlaceholderTextView.swift */; };
		40707ADB299B02BA00DF14D0 /* CryptoVC.swift in Sources */ = {isa = PBXBuildFile; fileRef = 40707ADA299B02BA00DF14D0 /* CryptoVC.swift */; };
		4099C8A129A309CA006905B2 /* FLAnimatedImage in Frameworks */ = {isa = PBXBuildFile; productRef = 4099C8A029A309CA006905B2 /* FLAnimatedImage */; };
		4099C8A329A318CA006905B2 /* LoadingAnimation.swift in Sources */ = {isa = PBXBuildFile; fileRef = 4099C8A229A318CA006905B2 /* LoadingAnimation.swift */; };
		4099C8AE29A40781006905B2 /* BabbageSDK in Frameworks */ = {isa = PBXBuildFile; productRef = 4099C8AD29A40781006905B2 /* BabbageSDK */; };
		4099C8B129A434D4006905B2 /* Main.storyboard in Resources */ = {isa = PBXBuildFile; fileRef = 4099C8AF29A434D4006905B2 /* Main.storyboard */; };
		40C1731E2995A9760003D482 /* ResultsVC.swift in Sources */ = {isa = PBXBuildFile; fileRef = 40C1731D2995A9760003D482 /* ResultsVC.swift */; };
		40C17320299699A80003D482 /* MainVC.swift in Sources */ = {isa = PBXBuildFile; fileRef = 40C1731F299699A80003D482 /* MainVC.swift */; };
		40D664A228D8EA6200CD67A8 /* AppDelegate.swift in Sources */ = {isa = PBXBuildFile; fileRef = 40D664A128D8EA6200CD67A8 /* AppDelegate.swift */; };
		40D664A428D8EA6200CD67A8 /* SceneDelegate.swift in Sources */ = {isa = PBXBuildFile; fileRef = 40D664A328D8EA6200CD67A8 /* SceneDelegate.swift */; };
		40D664A928D8EA6200CD67A8 /* Maincurrent.storyboard in Resources */ = {isa = PBXBuildFile; fileRef = 40D664A728D8EA6200CD67A8 /* Maincurrent.storyboard */; };
		40D664AC28D8EA6200CD67A8 /* UITest.xcdatamodeld in Sources */ = {isa = PBXBuildFile; fileRef = 40D664AA28D8EA6200CD67A8 /* UITest.xcdatamodeld */; };
		40D664AE28D8EA6300CD67A8 /* Assets.xcassets in Resources */ = {isa = PBXBuildFile; fileRef = 40D664AD28D8EA6300CD67A8 /* Assets.xcassets */; };
		40D664B128D8EA6300CD67A8 /* LaunchScreen.storyboard in Resources */ = {isa = PBXBuildFile; fileRef = 40D664AF28D8EA6300CD67A8 /* LaunchScreen.storyboard */; };
		40D664BC28D8EA6300CD67A8 /* CryptonTests.swift in Sources */ = {isa = PBXBuildFile; fileRef = 40D664BB28D8EA6300CD67A8 /* CryptonTests.swift */; };
		40D664C628D8EA6300CD67A8 /* CryptonUITests.swift in Sources */ = {isa = PBXBuildFile; fileRef = 40D664C528D8EA6300CD67A8 /* CryptonUITests.swift */; };
		40D664C828D8EA6300CD67A8 /* CryptonLaunchTests.swift in Sources */ = {isa = PBXBuildFile; fileRef = 40D664C728D8EA6300CD67A8 /* CryptonLaunchTests.swift */; };
		40ECDDDF2994827200BBCF97 /* ImagePicker.swift in Sources */ = {isa = PBXBuildFile; fileRef = 40ECDDDE2994827200BBCF97 /* ImagePicker.swift */; };
/* End PBXBuildFile section */

/* Begin PBXContainerItemProxy section */
		40D664B828D8EA6300CD67A8 /* PBXContainerItemProxy */ = {
			isa = PBXContainerItemProxy;
			containerPortal = 40D6649628D8EA6200CD67A8 /* Project object */;
			proxyType = 1;
			remoteGlobalIDString = 40D6649D28D8EA6200CD67A8;
			remoteInfo = UITest;
		};
		40D664C228D8EA6300CD67A8 /* PBXContainerItemProxy */ = {
			isa = PBXContainerItemProxy;
			containerPortal = 40D6649628D8EA6200CD67A8 /* Project object */;
			proxyType = 1;
			remoteGlobalIDString = 40D6649D28D8EA6200CD67A8;
			remoteInfo = UITest;
		};
/* End PBXContainerItemProxy section */

/* Begin PBXFileReference section */
		4036BACF299A8EB400C494E2 /* HelperFunctions.swift */ = {isa = PBXFileReference; lastKnownFileType = sourcecode.swift; path = HelperFunctions.swift; sourceTree = "<group>"; };
		4054E21C29A18BFC00267EC9 /* QRScannerVC.swift */ = {isa = PBXFileReference; lastKnownFileType = sourcecode.swift; path = QRScannerVC.swift; sourceTree = "<group>"; };
		4054E21E29A1A03200267EC9 /* CounterpartyVC.swift */ = {isa = PBXFileReference; lastKnownFileType = sourcecode.swift; path = CounterpartyVC.swift; sourceTree = "<group>"; };
		4054E22029A1A44200267EC9 /* MessageVC.swift */ = {isa = PBXFileReference; lastKnownFileType = sourcecode.swift; path = MessageVC.swift; sourceTree = "<group>"; };
		4054E22429A1B5EE00267EC9 /* DecryptorVC.swift */ = {isa = PBXFileReference; lastKnownFileType = sourcecode.swift; path = DecryptorVC.swift; sourceTree = "<group>"; };
		406D8BA4299B4E8800C8B04B /* PageController.swift */ = {isa = PBXFileReference; lastKnownFileType = sourcecode.swift; path = PageController.swift; sourceTree = "<group>"; };
		406D8BAA299B605200C8B04B /* GuidePage.swift */ = {isa = PBXFileReference; lastKnownFileType = sourcecode.swift; path = GuidePage.swift; sourceTree = "<group>"; };
		406D8BB6299C19CF00C8B04B /* Reachability.swift */ = {isa = PBXFileReference; lastKnownFileType = sourcecode.swift; path = Reachability.swift; sourceTree = "<group>"; };
		40707AD6299AC26500DF14D0 /* SettingsVC.swift */ = {isa = PBXFileReference; lastKnownFileType = sourcecode.swift; path = SettingsVC.swift; sourceTree = "<group>"; };
		40707AD8299AC91500DF14D0 /* PlaceholderTextView.swift */ = {isa = PBXFileReference; lastKnownFileType = sourcecode.swift; path = PlaceholderTextView.swift; sourceTree = "<group>"; };
		40707ADA299B02BA00DF14D0 /* CryptoVC.swift */ = {isa = PBXFileReference; lastKnownFileType = sourcecode.swift; path = CryptoVC.swift; sourceTree = "<group>"; };
		4099C8A229A318CA006905B2 /* LoadingAnimation.swift */ = {isa = PBXFileReference; lastKnownFileType = sourcecode.swift; path = LoadingAnimation.swift; sourceTree = "<group>"; };
		4099C8AC29A40734006905B2 /* babbage-sdk-ios */ = {isa = PBXFileReference; lastKnownFileType = wrapper; name = "babbage-sdk-ios"; path = "../babbage-sdk-ios"; sourceTree = "<group>"; };
		4099C8B029A434D4006905B2 /* Base */ = {isa = PBXFileReference; lastKnownFileType = file.storyboard; name = Base; path = Base.lproj/Main.storyboard; sourceTree = "<group>"; };
		40C1731D2995A9760003D482 /* ResultsVC.swift */ = {isa = PBXFileReference; lastKnownFileType = sourcecode.swift; path = ResultsVC.swift; sourceTree = "<group>"; };
		40C1731F299699A80003D482 /* MainVC.swift */ = {isa = PBXFileReference; lastKnownFileType = sourcecode.swift; path = MainVC.swift; sourceTree = "<group>"; };
		40D6649E28D8EA6200CD67A8 /* Crypton.app */ = {isa = PBXFileReference; explicitFileType = wrapper.application; includeInIndex = 0; path = Crypton.app; sourceTree = BUILT_PRODUCTS_DIR; };
		40D664A128D8EA6200CD67A8 /* AppDelegate.swift */ = {isa = PBXFileReference; lastKnownFileType = sourcecode.swift; path = AppDelegate.swift; sourceTree = "<group>"; };
		40D664A328D8EA6200CD67A8 /* SceneDelegate.swift */ = {isa = PBXFileReference; lastKnownFileType = sourcecode.swift; path = SceneDelegate.swift; sourceTree = "<group>"; };
		40D664A828D8EA6200CD67A8 /* Base */ = {isa = PBXFileReference; lastKnownFileType = file.storyboard; name = Base; path = Base.lproj/Maincurrent.storyboard; sourceTree = "<group>"; };
		40D664AB28D8EA6200CD67A8 /* UITest.xcdatamodel */ = {isa = PBXFileReference; lastKnownFileType = wrapper.xcdatamodel; path = UITest.xcdatamodel; sourceTree = "<group>"; };
		40D664AD28D8EA6300CD67A8 /* Assets.xcassets */ = {isa = PBXFileReference; lastKnownFileType = folder.assetcatalog; path = Assets.xcassets; sourceTree = "<group>"; };
		40D664B028D8EA6300CD67A8 /* Base */ = {isa = PBXFileReference; lastKnownFileType = file.storyboard; name = Base; path = Base.lproj/LaunchScreen.storyboard; sourceTree = "<group>"; };
		40D664B228D8EA6300CD67A8 /* Info.plist */ = {isa = PBXFileReference; lastKnownFileType = text.plist.xml; path = Info.plist; sourceTree = "<group>"; };
		40D664B728D8EA6300CD67A8 /* CryptonTests.xctest */ = {isa = PBXFileReference; explicitFileType = wrapper.cfbundle; includeInIndex = 0; path = CryptonTests.xctest; sourceTree = BUILT_PRODUCTS_DIR; };
		40D664BB28D8EA6300CD67A8 /* CryptonTests.swift */ = {isa = PBXFileReference; lastKnownFileType = sourcecode.swift; path = CryptonTests.swift; sourceTree = "<group>"; };
		40D664C128D8EA6300CD67A8 /* CryptonCryptons.xctest */ = {isa = PBXFileReference; explicitFileType = wrapper.cfbundle; includeInIndex = 0; path = CryptonCryptons.xctest; sourceTree = BUILT_PRODUCTS_DIR; };
		40D664C528D8EA6300CD67A8 /* CryptonUITests.swift */ = {isa = PBXFileReference; lastKnownFileType = sourcecode.swift; path = CryptonUITests.swift; sourceTree = "<group>"; };
		40D664C728D8EA6300CD67A8 /* CryptonLaunchTests.swift */ = {isa = PBXFileReference; lastKnownFileType = sourcecode.swift; path = CryptonLaunchTests.swift; sourceTree = "<group>"; };
		40ECDDDE2994827200BBCF97 /* ImagePicker.swift */ = {isa = PBXFileReference; lastKnownFileType = sourcecode.swift; path = ImagePicker.swift; sourceTree = "<group>"; };
/* End PBXFileReference section */

/* Begin PBXFrameworksBuildPhase section */
		40D6649B28D8EA6200CD67A8 /* Frameworks */ = {
			isa = PBXFrameworksBuildPhase;
			buildActionMask = 2147483647;
			files = (
				4099C8AE29A40781006905B2 /* BabbageSDK in Frameworks */,
				4099C8A129A309CA006905B2 /* FLAnimatedImage in Frameworks */,
			);
			runOnlyForDeploymentPostprocessing = 0;
		};
		40D664B428D8EA6300CD67A8 /* Frameworks */ = {
			isa = PBXFrameworksBuildPhase;
			buildActionMask = 2147483647;
			files = (
			);
			runOnlyForDeploymentPostprocessing = 0;
		};
		40D664BE28D8EA6300CD67A8 /* Frameworks */ = {
			isa = PBXFrameworksBuildPhase;
			buildActionMask = 2147483647;
			files = (
			);
			runOnlyForDeploymentPostprocessing = 0;
		};
/* End PBXFrameworksBuildPhase section */

/* Begin PBXGroup section */
		4054E22629A1D46B00267EC9 /* Old */ = {
			isa = PBXGroup;
			children = (
				40707ADA299B02BA00DF14D0 /* CryptoVC.swift */,
			);
			path = Old;
			sourceTree = "<group>";
		};
		4054E22729A1D49F00267EC9 /* HelperClasses */ = {
			isa = PBXGroup;
			children = (
				406D8BAA299B605200C8B04B /* GuidePage.swift */,
				406D8BA4299B4E8800C8B04B /* PageController.swift */,
				406D8BB6299C19CF00C8B04B /* Reachability.swift */,
				40ECDDDE2994827200BBCF97 /* ImagePicker.swift */,
				4054E21C29A18BFC00267EC9 /* QRScannerVC.swift */,
				4036BACF299A8EB400C494E2 /* HelperFunctions.swift */,
				40707AD8299AC91500DF14D0 /* PlaceholderTextView.swift */,
				4099C8A229A318CA006905B2 /* LoadingAnimation.swift */,
			);
			path = HelperClasses;
			sourceTree = "<group>";
		};
		4054E22829A1D7BB00267EC9 /* MainVCs */ = {
			isa = PBXGroup;
			children = (
				40C1731F299699A80003D482 /* MainVC.swift */,
				4054E21E29A1A03200267EC9 /* CounterpartyVC.swift */,
				4054E22029A1A44200267EC9 /* MessageVC.swift */,
				4054E22429A1B5EE00267EC9 /* DecryptorVC.swift */,
				40C1731D2995A9760003D482 /* ResultsVC.swift */,
				40707AD6299AC26500DF14D0 /* SettingsVC.swift */,
			);
			path = MainVCs;
			sourceTree = "<group>";
		};
		40869F1028DA392C00E0E8D5 /* Frameworks */ = {
			isa = PBXGroup;
			children = (
			);
			name = Frameworks;
			sourceTree = "<group>";
		};
		4099C8A429A321DC006905B2 /* Packages */ = {
			isa = PBXGroup;
			children = (
				4099C8AC29A40734006905B2 /* babbage-sdk-ios */,
			);
			name = Packages;
			sourceTree = "<group>";
		};
		40D6649528D8EA6200CD67A8 = {
			isa = PBXGroup;
			children = (
				4099C8A429A321DC006905B2 /* Packages */,
				40D664A028D8EA6200CD67A8 /* Crypton */,
				40D664BA28D8EA6300CD67A8 /* CryptonTests */,
				40D664C428D8EA6300CD67A8 /* CryptonUITests */,
				40D6649F28D8EA6200CD67A8 /* Products */,
				40869F1028DA392C00E0E8D5 /* Frameworks */,
			);
			sourceTree = "<group>";
		};
		40D6649F28D8EA6200CD67A8 /* Products */ = {
			isa = PBXGroup;
			children = (
				40D6649E28D8EA6200CD67A8 /* Crypton.app */,
				40D664B728D8EA6300CD67A8 /* CryptonTests.xctest */,
				40D664C128D8EA6300CD67A8 /* CryptonCryptons.xctest */,
			);
			name = Products;
			sourceTree = "<group>";
		};
		40D664A028D8EA6200CD67A8 /* Crypton */ = {
			isa = PBXGroup;
			children = (
				4054E22829A1D7BB00267EC9 /* MainVCs */,
				4054E22729A1D49F00267EC9 /* HelperClasses */,
				4054E22629A1D46B00267EC9 /* Old */,
				40D664A128D8EA6200CD67A8 /* AppDelegate.swift */,
				40D664A328D8EA6200CD67A8 /* SceneDelegate.swift */,
				4099C8AF29A434D4006905B2 /* Main.storyboard */,
				40D664A728D8EA6200CD67A8 /* Maincurrent.storyboard */,
				40D664AD28D8EA6300CD67A8 /* Assets.xcassets */,
				40D664AF28D8EA6300CD67A8 /* LaunchScreen.storyboard */,
				40D664B228D8EA6300CD67A8 /* Info.plist */,
				40D664AA28D8EA6200CD67A8 /* UITest.xcdatamodeld */,
			);
			path = Crypton;
			sourceTree = "<group>";
		};
		40D664BA28D8EA6300CD67A8 /* CryptonTests */ = {
			isa = PBXGroup;
			children = (
				40D664BB28D8EA6300CD67A8 /* CryptonTests.swift */,
			);
			path = CryptonTests;
			sourceTree = "<group>";
		};
		40D664C428D8EA6300CD67A8 /* CryptonUITests */ = {
			isa = PBXGroup;
			children = (
				40D664C528D8EA6300CD67A8 /* CryptonUITests.swift */,
				40D664C728D8EA6300CD67A8 /* CryptonLaunchTests.swift */,
			);
			path = CryptonUITests;
			sourceTree = "<group>";
		};
/* End PBXGroup section */

/* Begin PBXNativeTarget section */
		40D6649D28D8EA6200CD67A8 /* Crypton */ = {
			isa = PBXNativeTarget;
			buildConfigurationList = 40D664CB28D8EA6300CD67A8 /* Build configuration list for PBXNativeTarget "Crypton" */;
			buildPhases = (
				40D6649A28D8EA6200CD67A8 /* Sources */,
				40D6649B28D8EA6200CD67A8 /* Frameworks */,
				40D6649C28D8EA6200CD67A8 /* Resources */,
			);
			buildRules = (
			);
			dependencies = (
			);
			name = Crypton;
			packageProductDependencies = (
				4099C8A029A309CA006905B2 /* FLAnimatedImage */,
				4099C8AD29A40781006905B2 /* BabbageSDK */,
			);
			productName = UITest;
			productReference = 40D6649E28D8EA6200CD67A8 /* Crypton.app */;
			productType = "com.apple.product-type.application";
		};
		40D664B628D8EA6300CD67A8 /* CryptonTests */ = {
			isa = PBXNativeTarget;
			buildConfigurationList = 40D664CE28D8EA6300CD67A8 /* Build configuration list for PBXNativeTarget "CryptonTests" */;
			buildPhases = (
				40D664B328D8EA6300CD67A8 /* Sources */,
				40D664B428D8EA6300CD67A8 /* Frameworks */,
				40D664B528D8EA6300CD67A8 /* Resources */,
			);
			buildRules = (
			);
			dependencies = (
				40D664B928D8EA6300CD67A8 /* PBXTargetDependency */,
			);
			name = CryptonTests;
			productName = UITestTests;
			productReference = 40D664B728D8EA6300CD67A8 /* CryptonTests.xctest */;
			productType = "com.apple.product-type.bundle.unit-test";
		};
		40D664C028D8EA6300CD67A8 /* CryptonCryptons */ = {
			isa = PBXNativeTarget;
			buildConfigurationList = 40D664D128D8EA6300CD67A8 /* Build configuration list for PBXNativeTarget "CryptonCryptons" */;
			buildPhases = (
				40D664BD28D8EA6300CD67A8 /* Sources */,
				40D664BE28D8EA6300CD67A8 /* Frameworks */,
				40D664BF28D8EA6300CD67A8 /* Resources */,
			);
			buildRules = (
			);
			dependencies = (
				40D664C328D8EA6300CD67A8 /* PBXTargetDependency */,
			);
			name = CryptonCryptons;
			productName = UITestUITests;
			productReference = 40D664C128D8EA6300CD67A8 /* CryptonCryptons.xctest */;
			productType = "com.apple.product-type.bundle.ui-testing";
		};
/* End PBXNativeTarget section */

/* Begin PBXProject section */
		40D6649628D8EA6200CD67A8 /* Project object */ = {
			isa = PBXProject;
			attributes = {
				BuildIndependentTargetsInParallel = 1;
				LastSwiftUpdateCheck = 1400;
				LastUpgradeCheck = 1400;
				TargetAttributes = {
					40D6649D28D8EA6200CD67A8 = {
						CreatedOnToolsVersion = 14.0;
					};
					40D664B628D8EA6300CD67A8 = {
						CreatedOnToolsVersion = 14.0;
						TestTargetID = 40D6649D28D8EA6200CD67A8;
					};
					40D664C028D8EA6300CD67A8 = {
						CreatedOnToolsVersion = 14.0;
						TestTargetID = 40D6649D28D8EA6200CD67A8;
					};
				};
			};
			buildConfigurationList = 40D6649928D8EA6200CD67A8 /* Build configuration list for PBXProject "Crypton" */;
			compatibilityVersion = "Xcode 14.0";
			developmentRegion = en;
			hasScannedForEncodings = 0;
			knownRegions = (
				en,
				Base,
			);
			mainGroup = 40D6649528D8EA6200CD67A8;
			packageReferences = (
				4099C89F29A309CA006905B2 /* XCRemoteSwiftPackageReference "FLAnimatedImage" */,
			);
			productRefGroup = 40D6649F28D8EA6200CD67A8 /* Products */;
			projectDirPath = "";
			projectRoot = "";
			targets = (
				40D6649D28D8EA6200CD67A8 /* Crypton */,
				40D664B628D8EA6300CD67A8 /* CryptonTests */,
				40D664C028D8EA6300CD67A8 /* CryptonCryptons */,
			);
		};
/* End PBXProject section */

/* Begin PBXResourcesBuildPhase section */
		40D6649C28D8EA6200CD67A8 /* Resources */ = {
			isa = PBXResourcesBuildPhase;
			buildActionMask = 2147483647;
			files = (
				40D664B128D8EA6300CD67A8 /* LaunchScreen.storyboard in Resources */,
				40D664AE28D8EA6300CD67A8 /* Assets.xcassets in Resources */,
				4099C8B129A434D4006905B2 /* Main.storyboard in Resources */,
				40D664A928D8EA6200CD67A8 /* Maincurrent.storyboard in Resources */,
			);
			runOnlyForDeploymentPostprocessing = 0;
		};
		40D664B528D8EA6300CD67A8 /* Resources */ = {
			isa = PBXResourcesBuildPhase;
			buildActionMask = 2147483647;
			files = (
			);
			runOnlyForDeploymentPostprocessing = 0;
		};
		40D664BF28D8EA6300CD67A8 /* Resources */ = {
			isa = PBXResourcesBuildPhase;
			buildActionMask = 2147483647;
			files = (
			);
			runOnlyForDeploymentPostprocessing = 0;
		};
/* End PBXResourcesBuildPhase section */

/* Begin PBXSourcesBuildPhase section */
		40D6649A28D8EA6200CD67A8 /* Sources */ = {
			isa = PBXSourcesBuildPhase;
			buildActionMask = 2147483647;
			files = (
				406D8BB7299C19CF00C8B04B /* Reachability.swift in Sources */,
				40707AD7299AC26500DF14D0 /* SettingsVC.swift in Sources */,
				406D8BAB299B605200C8B04B /* GuidePage.swift in Sources */,
				4099C8A329A318CA006905B2 /* LoadingAnimation.swift in Sources */,
				4036BAD0299A8EB400C494E2 /* HelperFunctions.swift in Sources */,
				40C17320299699A80003D482 /* MainVC.swift in Sources */,
				40C1731E2995A9760003D482 /* ResultsVC.swift in Sources */,
				4054E22529A1B5EE00267EC9 /* DecryptorVC.swift in Sources */,
				4054E21F29A1A03200267EC9 /* CounterpartyVC.swift in Sources */,
				4054E21D29A18BFC00267EC9 /* QRScannerVC.swift in Sources */,
				4054E22129A1A44200267EC9 /* MessageVC.swift in Sources */,
				40D664AC28D8EA6200CD67A8 /* UITest.xcdatamodeld in Sources */,
				40ECDDDF2994827200BBCF97 /* ImagePicker.swift in Sources */,
				40D664A228D8EA6200CD67A8 /* AppDelegate.swift in Sources */,
				406D8BA5299B4E8800C8B04B /* PageController.swift in Sources */,
				40707ADB299B02BA00DF14D0 /* CryptoVC.swift in Sources */,
				40D664A428D8EA6200CD67A8 /* SceneDelegate.swift in Sources */,
				40707AD9299AC91500DF14D0 /* PlaceholderTextView.swift in Sources */,
			);
			runOnlyForDeploymentPostprocessing = 0;
		};
		40D664B328D8EA6300CD67A8 /* Sources */ = {
			isa = PBXSourcesBuildPhase;
			buildActionMask = 2147483647;
			files = (
				40D664BC28D8EA6300CD67A8 /* CryptonTests.swift in Sources */,
			);
			runOnlyForDeploymentPostprocessing = 0;
		};
		40D664BD28D8EA6300CD67A8 /* Sources */ = {
			isa = PBXSourcesBuildPhase;
			buildActionMask = 2147483647;
			files = (
				40D664C828D8EA6300CD67A8 /* CryptonLaunchTests.swift in Sources */,
				40D664C628D8EA6300CD67A8 /* CryptonUITests.swift in Sources */,
			);
			runOnlyForDeploymentPostprocessing = 0;
		};
/* End PBXSourcesBuildPhase section */

/* Begin PBXTargetDependency section */
		40D664B928D8EA6300CD67A8 /* PBXTargetDependency */ = {
			isa = PBXTargetDependency;
			target = 40D6649D28D8EA6200CD67A8 /* Crypton */;
			targetProxy = 40D664B828D8EA6300CD67A8 /* PBXContainerItemProxy */;
		};
		40D664C328D8EA6300CD67A8 /* PBXTargetDependency */ = {
			isa = PBXTargetDependency;
			target = 40D6649D28D8EA6200CD67A8 /* Crypton */;
			targetProxy = 40D664C228D8EA6300CD67A8 /* PBXContainerItemProxy */;
		};
/* End PBXTargetDependency section */

/* Begin PBXVariantGroup section */
		4099C8AF29A434D4006905B2 /* Main.storyboard */ = {
			isa = PBXVariantGroup;
			children = (
				4099C8B029A434D4006905B2 /* Base */,
			);
			name = Main.storyboard;
			sourceTree = "<group>";
		};
		40D664A728D8EA6200CD67A8 /* Maincurrent.storyboard */ = {
			isa = PBXVariantGroup;
			children = (
				40D664A828D8EA6200CD67A8 /* Base */,
			);
			name = Maincurrent.storyboard;
			sourceTree = "<group>";
		};
		40D664AF28D8EA6300CD67A8 /* LaunchScreen.storyboard */ = {
			isa = PBXVariantGroup;
			children = (
				40D664B028D8EA6300CD67A8 /* Base */,
			);
			name = LaunchScreen.storyboard;
			sourceTree = "<group>";
		};
/* End PBXVariantGroup section */

/* Begin XCBuildConfiguration section */
		40D664C928D8EA6300CD67A8 /* Debug */ = {
			isa = XCBuildConfiguration;
			buildSettings = {
				ALWAYS_SEARCH_USER_PATHS = NO;
				CLANG_ANALYZER_NONNULL = YES;
				CLANG_ANALYZER_NUMBER_OBJECT_CONVERSION = YES_AGGRESSIVE;
				CLANG_CXX_LANGUAGE_STANDARD = "gnu++20";
				CLANG_ENABLE_MODULES = YES;
				CLANG_ENABLE_OBJC_ARC = YES;
				CLANG_ENABLE_OBJC_WEAK = YES;
				CLANG_WARN_BLOCK_CAPTURE_AUTORELEASING = YES;
				CLANG_WARN_BOOL_CONVERSION = YES;
				CLANG_WARN_COMMA = YES;
				CLANG_WARN_CONSTANT_CONVERSION = YES;
				CLANG_WARN_DEPRECATED_OBJC_IMPLEMENTATIONS = YES;
				CLANG_WARN_DIRECT_OBJC_ISA_USAGE = YES_ERROR;
				CLANG_WARN_DOCUMENTATION_COMMENTS = YES;
				CLANG_WARN_EMPTY_BODY = YES;
				CLANG_WARN_ENUM_CONVERSION = YES;
				CLANG_WARN_INFINITE_RECURSION = YES;
				CLANG_WARN_INT_CONVERSION = YES;
				CLANG_WARN_NON_LITERAL_NULL_CONVERSION = YES;
				CLANG_WARN_OBJC_IMPLICIT_RETAIN_SELF = YES;
				CLANG_WARN_OBJC_LITERAL_CONVERSION = YES;
				CLANG_WARN_OBJC_ROOT_CLASS = YES_ERROR;
				CLANG_WARN_QUOTED_INCLUDE_IN_FRAMEWORK_HEADER = YES;
				CLANG_WARN_RANGE_LOOP_ANALYSIS = YES;
				CLANG_WARN_STRICT_PROTOTYPES = YES;
				CLANG_WARN_SUSPICIOUS_MOVE = YES;
				CLANG_WARN_UNGUARDED_AVAILABILITY = YES_AGGRESSIVE;
				CLANG_WARN_UNREACHABLE_CODE = YES;
				CLANG_WARN__DUPLICATE_METHOD_MATCH = YES;
				COPY_PHASE_STRIP = NO;
				DEBUG_INFORMATION_FORMAT = dwarf;
				ENABLE_STRICT_OBJC_MSGSEND = YES;
				ENABLE_TESTABILITY = YES;
				GCC_C_LANGUAGE_STANDARD = gnu11;
				GCC_DYNAMIC_NO_PIC = NO;
				GCC_NO_COMMON_BLOCKS = YES;
				GCC_OPTIMIZATION_LEVEL = 0;
				GCC_PREPROCESSOR_DEFINITIONS = (
					"DEBUG=1",
					"$(inherited)",
				);
				GCC_WARN_64_TO_32_BIT_CONVERSION = YES;
				GCC_WARN_ABOUT_RETURN_TYPE = YES_ERROR;
				GCC_WARN_UNDECLARED_SELECTOR = YES;
				GCC_WARN_UNINITIALIZED_AUTOS = YES_AGGRESSIVE;
				GCC_WARN_UNUSED_FUNCTION = YES;
				GCC_WARN_UNUSED_VARIABLE = YES;
				IPHONEOS_DEPLOYMENT_TARGET = 16.0;
				MTL_ENABLE_DEBUG_INFO = INCLUDE_SOURCE;
				MTL_FAST_MATH = YES;
				ONLY_ACTIVE_ARCH = YES;
				SDKROOT = iphoneos;
				SWIFT_ACTIVE_COMPILATION_CONDITIONS = DEBUG;
				SWIFT_OPTIMIZATION_LEVEL = "-Onone";
			};
			name = Debug;
		};
		40D664CA28D8EA6300CD67A8 /* Release */ = {
			isa = XCBuildConfiguration;
			buildSettings = {
				ALWAYS_SEARCH_USER_PATHS = NO;
				CLANG_ANALYZER_NONNULL = YES;
				CLANG_ANALYZER_NUMBER_OBJECT_CONVERSION = YES_AGGRESSIVE;
				CLANG_CXX_LANGUAGE_STANDARD = "gnu++20";
				CLANG_ENABLE_MODULES = YES;
				CLANG_ENABLE_OBJC_ARC = YES;
				CLANG_ENABLE_OBJC_WEAK = YES;
				CLANG_WARN_BLOCK_CAPTURE_AUTORELEASING = YES;
				CLANG_WARN_BOOL_CONVERSION = YES;
				CLANG_WARN_COMMA = YES;
				CLANG_WARN_CONSTANT_CONVERSION = YES;
				CLANG_WARN_DEPRECATED_OBJC_IMPLEMENTATIONS = YES;
				CLANG_WARN_DIRECT_OBJC_ISA_USAGE = YES_ERROR;
				CLANG_WARN_DOCUMENTATION_COMMENTS = YES;
				CLANG_WARN_EMPTY_BODY = YES;
				CLANG_WARN_ENUM_CONVERSION = YES;
				CLANG_WARN_INFINITE_RECURSION = YES;
				CLANG_WARN_INT_CONVERSION = YES;
				CLANG_WARN_NON_LITERAL_NULL_CONVERSION = YES;
				CLANG_WARN_OBJC_IMPLICIT_RETAIN_SELF = YES;
				CLANG_WARN_OBJC_LITERAL_CONVERSION = YES;
				CLANG_WARN_OBJC_ROOT_CLASS = YES_ERROR;
				CLANG_WARN_QUOTED_INCLUDE_IN_FRAMEWORK_HEADER = YES;
				CLANG_WARN_RANGE_LOOP_ANALYSIS = YES;
				CLANG_WARN_STRICT_PROTOTYPES = YES;
				CLANG_WARN_SUSPICIOUS_MOVE = YES;
				CLANG_WARN_UNGUARDED_AVAILABILITY = YES_AGGRESSIVE;
				CLANG_WARN_UNREACHABLE_CODE = YES;
				CLANG_WARN__DUPLICATE_METHOD_MATCH = YES;
				COPY_PHASE_STRIP = NO;
				DEBUG_INFORMATION_FORMAT = "dwarf-with-dsym";
				ENABLE_NS_ASSERTIONS = NO;
				ENABLE_STRICT_OBJC_MSGSEND = YES;
				GCC_C_LANGUAGE_STANDARD = gnu11;
				GCC_NO_COMMON_BLOCKS = YES;
				GCC_WARN_64_TO_32_BIT_CONVERSION = YES;
				GCC_WARN_ABOUT_RETURN_TYPE = YES_ERROR;
				GCC_WARN_UNDECLARED_SELECTOR = YES;
				GCC_WARN_UNINITIALIZED_AUTOS = YES_AGGRESSIVE;
				GCC_WARN_UNUSED_FUNCTION = YES;
				GCC_WARN_UNUSED_VARIABLE = YES;
				IPHONEOS_DEPLOYMENT_TARGET = 16.0;
				MTL_ENABLE_DEBUG_INFO = NO;
				MTL_FAST_MATH = YES;
				SDKROOT = iphoneos;
				SWIFT_COMPILATION_MODE = wholemodule;
				SWIFT_OPTIMIZATION_LEVEL = "-O";
				VALIDATE_PRODUCT = YES;
			};
			name = Release;
		};
		40D664CC28D8EA6300CD67A8 /* Debug */ = {
			isa = XCBuildConfiguration;
			buildSettings = {
				ASSETCATALOG_COMPILER_APPICON_NAME = AppIcon4;
				ASSETCATALOG_COMPILER_GLOBAL_ACCENT_COLOR_NAME = AccentColor;
				ASSETCATALOG_COMPILER_INCLUDE_ALL_APPICON_ASSETS = NO;
				CODE_SIGN_STYLE = Automatic;
				CURRENT_PROJECT_VERSION = 4;
				DEVELOPMENT_TEAM = 3YQ69SSGVS;
				GENERATE_INFOPLIST_FILE = YES;
				INFOPLIST_FILE = Crypton/Info.plist;
				INFOPLIST_KEY_CFBundleDisplayName = Crypton;
				INFOPLIST_KEY_LSApplicationCategoryType = "public.app-category.entertainment";
				INFOPLIST_KEY_NSCameraUsageDescription = "Camera required to scan QR code";
				INFOPLIST_KEY_NSContactsUsageDescription = "Required to add a message recipient";
				INFOPLIST_KEY_NSPhotoLibraryAddUsageDescription = "Access needed to save QR code";
				INFOPLIST_KEY_UIApplicationSupportsIndirectInputEvents = YES;
				INFOPLIST_KEY_UILaunchStoryboardName = LaunchScreen.storyboard;
				INFOPLIST_KEY_UIMainStoryboardFile = Main;
				INFOPLIST_KEY_UIStatusBarStyle = UIStatusBarStyleLightContent;
				INFOPLIST_KEY_UISupportedInterfaceOrientations = UIInterfaceOrientationPortrait;
				INFOPLIST_KEY_UISupportedInterfaceOrientations_iPad = "UIInterfaceOrientationLandscapeLeft UIInterfaceOrientationLandscapeRight UIInterfaceOrientationPortrait";
				IPHONEOS_DEPLOYMENT_TARGET = 15.0;
				LD_RUNPATH_SEARCH_PATHS = (
					"$(inherited)",
					"@executable_path/Frameworks",
				);
				MARKETING_VERSION = 1.03;
				PRODUCT_BUNDLE_IDENTIFIER = com.projectbabbage.Crypton;
				PRODUCT_NAME = "$(TARGET_NAME)";
				SUPPORTED_PLATFORMS = "iphoneos iphonesimulator";
				SUPPORTS_MACCATALYST = NO;
				SUPPORTS_MAC_DESIGNED_FOR_IPHONE_IPAD = YES;
				SWIFT_EMIT_LOC_STRINGS = YES;
				SWIFT_VERSION = 5.0;
				TARGETED_DEVICE_FAMILY = 1;
			};
			name = Debug;
		};
		40D664CD28D8EA6300CD67A8 /* Release */ = {
			isa = XCBuildConfiguration;
			buildSettings = {
				ASSETCATALOG_COMPILER_APPICON_NAME = AppIcon4;
				ASSETCATALOG_COMPILER_GLOBAL_ACCENT_COLOR_NAME = AccentColor;
				ASSETCATALOG_COMPILER_INCLUDE_ALL_APPICON_ASSETS = NO;
				CODE_SIGN_STYLE = Automatic;
				CURRENT_PROJECT_VERSION = 4;
				DEVELOPMENT_TEAM = 3YQ69SSGVS;
				GENERATE_INFOPLIST_FILE = YES;
				INFOPLIST_FILE = Crypton/Info.plist;
				INFOPLIST_KEY_CFBundleDisplayName = Crypton;
				INFOPLIST_KEY_LSApplicationCategoryType = "public.app-category.entertainment";
				INFOPLIST_KEY_NSCameraUsageDescription = "Camera required to scan QR code";
				INFOPLIST_KEY_NSContactsUsageDescription = "Required to add a message recipient";
				INFOPLIST_KEY_NSPhotoLibraryAddUsageDescription = "Access needed to save QR code";
				INFOPLIST_KEY_UIApplicationSupportsIndirectInputEvents = YES;
				INFOPLIST_KEY_UILaunchStoryboardName = LaunchScreen.storyboard;
				INFOPLIST_KEY_UIMainStoryboardFile = Main;
				INFOPLIST_KEY_UIStatusBarStyle = UIStatusBarStyleLightContent;
				INFOPLIST_KEY_UISupportedInterfaceOrientations = UIInterfaceOrientationPortrait;
				INFOPLIST_KEY_UISupportedInterfaceOrientations_iPad = "UIInterfaceOrientationLandscapeLeft UIInterfaceOrientationLandscapeRight UIInterfaceOrientationPortrait";
				IPHONEOS_DEPLOYMENT_TARGET = 15.0;
				LD_RUNPATH_SEARCH_PATHS = (
					"$(inherited)",
					"@executable_path/Frameworks",
				);
				MARKETING_VERSION = 1.03;
				PRODUCT_BUNDLE_IDENTIFIER = com.projectbabbage.Crypton;
				PRODUCT_NAME = "$(TARGET_NAME)";
				SUPPORTED_PLATFORMS = "iphoneos iphonesimulator";
				SUPPORTS_MACCATALYST = NO;
				SUPPORTS_MAC_DESIGNED_FOR_IPHONE_IPAD = YES;
				SWIFT_EMIT_LOC_STRINGS = YES;
				SWIFT_VERSION = 5.0;
				TARGETED_DEVICE_FAMILY = 1;
			};
			name = Release;
		};
		40D664CF28D8EA6300CD67A8 /* Debug */ = {
			isa = XCBuildConfiguration;
			buildSettings = {
				ALWAYS_EMBED_SWIFT_STANDARD_LIBRARIES = YES;
				BUNDLE_LOADER = "$(TEST_HOST)";
				CODE_SIGN_STYLE = Automatic;
				CURRENT_PROJECT_VERSION = 1;
				DEVELOPMENT_TEAM = 493LGNZ6YT;
				GENERATE_INFOPLIST_FILE = YES;
				IPHONEOS_DEPLOYMENT_TARGET = 16.0;
				MARKETING_VERSION = 1.0;
				PRODUCT_BUNDLE_IDENTIFIER = com.projectbabbage.UITestTests;
				PRODUCT_NAME = "$(TARGET_NAME)";
				SWIFT_EMIT_LOC_STRINGS = NO;
				SWIFT_VERSION = 5.0;
				TARGETED_DEVICE_FAMILY = "1,2";
				TEST_HOST = "$(BUILT_PRODUCTS_DIR)/Crypton.app/$(BUNDLE_EXECUTABLE_FOLDER_PATH)/Crypton";
			};
			name = Debug;
		};
		40D664D028D8EA6300CD67A8 /* Release */ = {
			isa = XCBuildConfiguration;
			buildSettings = {
				ALWAYS_EMBED_SWIFT_STANDARD_LIBRARIES = YES;
				BUNDLE_LOADER = "$(TEST_HOST)";
				CODE_SIGN_STYLE = Automatic;
				CURRENT_PROJECT_VERSION = 1;
				DEVELOPMENT_TEAM = 493LGNZ6YT;
				GENERATE_INFOPLIST_FILE = YES;
				IPHONEOS_DEPLOYMENT_TARGET = 16.0;
				MARKETING_VERSION = 1.0;
				PRODUCT_BUNDLE_IDENTIFIER = com.projectbabbage.UITestTests;
				PRODUCT_NAME = "$(TARGET_NAME)";
				SWIFT_EMIT_LOC_STRINGS = NO;
				SWIFT_VERSION = 5.0;
				TARGETED_DEVICE_FAMILY = "1,2";
				TEST_HOST = "$(BUILT_PRODUCTS_DIR)/Crypton.app/$(BUNDLE_EXECUTABLE_FOLDER_PATH)/Crypton";
			};
			name = Release;
		};
		40D664D228D8EA6300CD67A8 /* Debug */ = {
			isa = XCBuildConfiguration;
			buildSettings = {
				ALWAYS_EMBED_SWIFT_STANDARD_LIBRARIES = YES;
				CODE_SIGN_STYLE = Automatic;
				CURRENT_PROJECT_VERSION = 1;
				DEVELOPMENT_TEAM = 493LGNZ6YT;
				GENERATE_INFOPLIST_FILE = YES;
				MARKETING_VERSION = 1.0;
				PRODUCT_BUNDLE_IDENTIFIER = com.projectbabbage.UITestUITests;
				PRODUCT_NAME = "$(TARGET_NAME)";
				SWIFT_EMIT_LOC_STRINGS = NO;
				SWIFT_VERSION = 5.0;
				TARGETED_DEVICE_FAMILY = "1,2";
				TEST_TARGET_NAME = UITest;
			};
			name = Debug;
		};
		40D664D328D8EA6300CD67A8 /* Release */ = {
			isa = XCBuildConfiguration;
			buildSettings = {
				ALWAYS_EMBED_SWIFT_STANDARD_LIBRARIES = YES;
				CODE_SIGN_STYLE = Automatic;
				CURRENT_PROJECT_VERSION = 1;
				DEVELOPMENT_TEAM = 493LGNZ6YT;
				GENERATE_INFOPLIST_FILE = YES;
				MARKETING_VERSION = 1.0;
				PRODUCT_BUNDLE_IDENTIFIER = com.projectbabbage.UITestUITests;
				PRODUCT_NAME = "$(TARGET_NAME)";
				SWIFT_EMIT_LOC_STRINGS = NO;
				SWIFT_VERSION = 5.0;
				TARGETED_DEVICE_FAMILY = "1,2";
				TEST_TARGET_NAME = UITest;
			};
			name = Release;
		};
/* End XCBuildConfiguration section */

/* Begin XCConfigurationList section */
		40D6649928D8EA6200CD67A8 /* Build configuration list for PBXProject "Crypton" */ = {
			isa = XCConfigurationList;
			buildConfigurations = (
				40D664C928D8EA6300CD67A8 /* Debug */,
				40D664CA28D8EA6300CD67A8 /* Release */,
			);
			defaultConfigurationIsVisible = 0;
			defaultConfigurationName = Release;
		};
		40D664CB28D8EA6300CD67A8 /* Build configuration list for PBXNativeTarget "Crypton" */ = {
			isa = XCConfigurationList;
			buildConfigurations = (
				40D664CC28D8EA6300CD67A8 /* Debug */,
				40D664CD28D8EA6300CD67A8 /* Release */,
			);
			defaultConfigurationIsVisible = 0;
			defaultConfigurationName = Release;
		};
		40D664CE28D8EA6300CD67A8 /* Build configuration list for PBXNativeTarget "CryptonTests" */ = {
			isa = XCConfigurationList;
			buildConfigurations = (
				40D664CF28D8EA6300CD67A8 /* Debug */,
				40D664D028D8EA6300CD67A8 /* Release */,
			);
			defaultConfigurationIsVisible = 0;
			defaultConfigurationName = Release;
		};
		40D664D128D8EA6300CD67A8 /* Build configuration list for PBXNativeTarget "CryptonCryptons" */ = {
			isa = XCConfigurationList;
			buildConfigurations = (
				40D664D228D8EA6300CD67A8 /* Debug */,
				40D664D328D8EA6300CD67A8 /* Release */,
			);
			defaultConfigurationIsVisible = 0;
			defaultConfigurationName = Release;
		};
/* End XCConfigurationList section */

/* Begin XCRemoteSwiftPackageReference section */
		4099C89F29A309CA006905B2 /* XCRemoteSwiftPackageReference "FLAnimatedImage" */ = {
			isa = XCRemoteSwiftPackageReference;
			repositoryURL = "https://github.com/Flipboard/FLAnimatedImage";
			requirement = {
				kind = upToNextMajorVersion;
				minimumVersion = 1.0.0;
			};
		};
/* End XCRemoteSwiftPackageReference section */

/* Begin XCSwiftPackageProductDependency section */
		4099C8A029A309CA006905B2 /* FLAnimatedImage */ = {
			isa = XCSwiftPackageProductDependency;
			package = 4099C89F29A309CA006905B2 /* XCRemoteSwiftPackageReference "FLAnimatedImage" */;
			productName = FLAnimatedImage;
		};
		4099C8AD29A40781006905B2 /* BabbageSDK */ = {
			isa = XCSwiftPackageProductDependency;
			productName = BabbageSDK;
		};
/* End XCSwiftPackageProductDependency section */

/* Begin XCVersionGroup section */
		40D664AA28D8EA6200CD67A8 /* UITest.xcdatamodeld */ = {
			isa = XCVersionGroup;
			children = (
				40D664AB28D8EA6200CD67A8 /* UITest.xcdatamodel */,
			);
			currentVersion = 40D664AB28D8EA6200CD67A8 /* UITest.xcdatamodel */;
			path = UITest.xcdatamodeld;
			sourceTree = "<group>";
			versionGroupType = wrapper.xcdatamodel;
		};
/* End XCVersionGroup section */
	};
	rootObject = 40D6649628D8EA6200CD67A8 /* Project object */;
}
